PODS:
  - Alamofire (4.7.3)
  - IQKeyboardManagerSwift (6.1.1)

DEPENDENCIES:
  - Alamofire (~> 4.7)
  - IQKeyboardManagerSwift

SPEC CHECKSUMS:
  Alamofire: c7287b6e5d7da964a70935e5db17046b7fde6568
  IQKeyboardManagerSwift: 977affaeb4d6e971975c7790a6850f31d38f1207

PODFILE CHECKSUM: 1028355100d8f0d10238dbef3e3ae59642af3646

COCOAPODS: 1.4.0
